{
  "version": 4,
  "terraform_version": "1.7.4",
  "serial": 119,
  "lineage": "f5a90f74-7416-c62a-2537-2cadf19de791",
  "outputs": {},
  "resources": [
    {
      "mode": "managed",
      "type": "yandex_compute_instance",
      "name": "vm",
      "provider": "provider[\"registry.terraform.io/yandex-cloud/yandex\"]",
      "instances": [
        {
          "index_key": 0,
          "status": "tainted",
          "schema_version": 1,
          "attributes": {
            "allow_recreate": null,
            "allow_stopping_for_update": true,
            "boot_disk": [
              {
                "auto_delete": true,
                "device_name": "fhmfr0dlpoct45i4652u",
                "disk_id": "fhmfr0dlpoct45i4652u",
                "initialize_params": [
                  {
                    "block_size": 4096,
                    "description": "",
                    "image_id": "fd8vbtqkqb6fhhksv1p4",
                    "name": "",
                    "size": 16,
                    "snapshot_id": "",
                    "type": "network-hdd"
                  }
                ],
                "mode": "READ_WRITE"
              }
            ],
            "created_at": "2024-03-29T14:07:27Z",
            "description": "",
            "filesystem": [],
            "folder_id": "b1g5n8seedm7iub1qbob",
            "fqdn": "elk.ru-central1.internal",
            "gpu_cluster_id": "",
            "hostname": "elk",
            "id": "fhm92303vjmpjmg786p1",
            "labels": null,
            "local_disk": [],
            "maintenance_grace_period": "",
            "maintenance_policy": null,
            "metadata": {
              "user-data": "#cloud-config\r\nusers:\r\n  - name: kim\r\n    groups: sudo\r\n    shell: /bin/bash\r\n    sudo: 'ALL=(ALL) NOPASSWD:ALL'\r\n    ssh-authorized-keys:\r\n      ssh-rsa AAAAB3NzaC1yc2EAAAADAQABAAABgQDbZzJlaOZ0FnTb7Vzv31GZT9SeLYlb1wh+NIjWr2GsoRtsG9EuAD9fga/l8eyH+8wLA4ycMecp1kTXBQn67cZ+qiYR8Pra0jseTNcnUsRQMaShWT5uS8Jo1q0i1QmXf5hvA8QAi3mDHxof1OM6kZYp5khPwcWhGjv3mtwtjivnXBKBo6gYbtLij/HDUOst2920aijwbAcxLwVW9x53/C6xpuPQEO57f9+L4GOlmsxBouw85uKfJtyd1HmzpPAAWuwSQVwnCifPwkGArrhf9o6YqUL1DBit3fQz3782apuhT12AAHylek9IFCoPeJbccDURTpqou3RDiH658tL9hVWL21Z+eqqi7tvtj48Xd/hkiiLXlvHmH0vw3sipuOMi155yrCxrK4xiPibOdlJdRikxVuOU1qMJMp/iIxksafn9naJ2I5dzhSE3t22CULd7fACoe6no/S9DrlRHURAewv1EeUVr8TzpI0oZTbWe36w3kHWAq7zbHehKl3KmdQGu0hE= kim@DESKTOP-JL48A07\r\n\r\n"
            },
            "metadata_options": [
              {
                "aws_v1_http_endpoint": 1,
                "aws_v1_http_token": 2,
                "gce_http_endpoint": 1,
                "gce_http_token": 1
              }
            ],
            "name": "elk",
            "network_acceleration_type": "standard",
            "network_interface": [
              {
                "dns_record": [],
                "index": 0,
                "ip_address": "192.168.20.30",
                "ipv4": true,
                "ipv6": false,
                "ipv6_address": "",
                "ipv6_dns_record": [],
                "mac_address": "d0:0d:91:0c:03:fc",
                "nat": true,
                "nat_dns_record": [],
                "nat_ip_address": "158.160.109.80",
                "nat_ip_version": "IPV4",
                "security_group_ids": [],
                "subnet_id": "e9bsbsfknobe7lmi4vib"
              }
            ],
            "placement_policy": [
              {
                "host_affinity_rules": [],
                "placement_group_id": "",
                "placement_group_partition": 0
              }
            ],
            "platform_id": "standard-v1",
            "resources": [
              {
                "core_fraction": 100,
                "cores": 4,
                "gpus": 0,
                "memory": 8
              }
            ],
            "scheduling_policy": [
              {
                "preemptible": true
              }
            ],
            "secondary_disk": [],
            "service_account_id": "",
            "status": "running",
            "timeouts": null,
            "zone": "ru-central1-a"
          },
          "sensitive_attributes": [],
          "private": "eyJlMmJmYjczMC1lY2FhLTExZTYtOGY4OC0zNDM2M2JjN2M0YzAiOnsiY3JlYXRlIjozMDAwMDAwMDAwMDAsImRlbGV0ZSI6MzAwMDAwMDAwMDAwLCJ1cGRhdGUiOjMwMDAwMDAwMDAwMH0sInNjaGVtYV92ZXJzaW9uIjoiMSJ9",
          "dependencies": [
            "yandex_vpc_network.test",
            "yandex_vpc_subnet.subnet-test"
          ]
        }
      ]
    },
    {
      "mode": "managed",
      "type": "yandex_vpc_network",
      "name": "test",
      "provider": "provider[\"registry.terraform.io/yandex-cloud/yandex\"]",
      "instances": [
        {
          "schema_version": 0,
          "attributes": {
            "created_at": "2024-03-29T14:07:25Z",
            "default_security_group_id": "enp9141atds33vqvi0jr",
            "description": "",
            "folder_id": "b1g5n8seedm7iub1qbob",
            "id": "enpu10a01gur1vln9rol",
            "labels": {},
            "name": "network",
            "subnet_ids": [],
            "timeouts": null
          },
          "sensitive_attributes": [],
          "private": "eyJlMmJmYjczMC1lY2FhLTExZTYtOGY4OC0zNDM2M2JjN2M0YzAiOnsiY3JlYXRlIjo2MDAwMDAwMDAwMCwiZGVsZXRlIjo2MDAwMDAwMDAwMCwidXBkYXRlIjo2MDAwMDAwMDAwMH19"
        }
      ]
    },
    {
      "mode": "managed",
      "type": "yandex_vpc_subnet",
      "name": "subnet-test",
      "provider": "provider[\"registry.terraform.io/yandex-cloud/yandex\"]",
      "instances": [
        {
          "schema_version": 0,
          "attributes": {
            "created_at": "2024-03-29T14:07:26Z",
            "description": "",
            "dhcp_options": [],
            "folder_id": "b1g5n8seedm7iub1qbob",
            "id": "e9bsbsfknobe7lmi4vib",
            "labels": {},
            "name": "",
            "network_id": "enpu10a01gur1vln9rol",
            "route_table_id": "",
            "timeouts": null,
            "v4_cidr_blocks": [
              "192.168.20.0/24"
            ],
            "v6_cidr_blocks": [],
            "zone": "ru-central1-a"
          },
          "sensitive_attributes": [],
          "private": "eyJlMmJmYjczMC1lY2FhLTExZTYtOGY4OC0zNDM2M2JjN2M0YzAiOnsiY3JlYXRlIjoxODAwMDAwMDAwMDAsImRlbGV0ZSI6MTgwMDAwMDAwMDAwLCJ1cGRhdGUiOjE4MDAwMDAwMDAwMH19",
          "dependencies": [
            "yandex_vpc_network.test"
          ]
        }
      ]
    }
  ],
  "check_results": null
}
